// !$*UTF8*$!
{
	archiveVersion = 1;
	classes = {
	};
	objectVersion = 46;
	objects = {

/* Begin PBXBuildFile section */
		7168C2E21E6E86F300812498 /* main.m in Sources */ = {isa = PBXBuildFile; fileRef = 7168C2E11E6E86F300812498 /* main.m */; };
		7168C2E51E6E86F300812498 /* AppDelegate.m in Sources */ = {isa = PBXBuildFile; fileRef = 7168C2E41E6E86F300812498 /* AppDelegate.m */; };
		7168C2E81E6E86F300812498 /* ViewController.m in Sources */ = {isa = PBXBuildFile; fileRef = 7168C2E71E6E86F300812498 /* ViewController.m */; };
		7168C2EB1E6E86F300812498 /* Main.storyboard in Resources */ = {isa = PBXBuildFile; fileRef = 7168C2E91E6E86F300812498 /* Main.storyboard */; };
		7168C2ED1E6E86F300812498 /* Assets.xcassets in Resources */ = {isa = PBXBuildFile; fileRef = 7168C2EC1E6E86F300812498 /* Assets.xcassets */; };
		7168C2F01E6E86F300812498 /* LaunchScreen.storyboard in Resources */ = {isa = PBXBuildFile; fileRef = 7168C2EE1E6E86F300812498 /* LaunchScreen.storyboard */; };
		7168C2FB1E6E86F300812498 /* LJStarTests.m in Sources */ = {isa = PBXBuildFile; fileRef = 7168C2FA1E6E86F300812498 /* LJStarTests.m */; };
		7168C3061E6E86F300812498 /* LJStarUITests.m in Sources */ = {isa = PBXBuildFile; fileRef = 7168C3051E6E86F300812498 /* LJStarUITests.m */; };
/* End PBXBuildFile section */

/* Begin PBXContainerItemProxy section */
		7168C2F71E6E86F300812498 /* PBXContainerItemProxy */ = {
			isa = PBXContainerItemProxy;
			containerPortal = 7168C2D51E6E86F300812498 /* Project object */;
			proxyType = 1;
			remoteGlobalIDString = 7168C2DC1E6E86F300812498;
			remoteInfo = LJStar;
		};
		7168C3021E6E86F300812498 /* PBXContainerItemProxy */ = {
			isa = PBXContainerItemProxy;
			containerPortal = 7168C2D51E6E86F300812498 /* Project object */;
			proxyType = 1;
			remoteGlobalIDString = 7168C2DC1E6E86F300812498;
			remoteInfo = LJStar;
		};
/* End PBXContainerItemProxy section */

/* Begin PBXFileReference section */
		7168C2DD1E6E86F300812498 /* LJStar.app */ = {isa = PBXFileReference; explicitFileType = wrapper.application; includeInIndex = 0; path = LJStar.app; sourceTree = BUILT_PRODUCTS_DIR; };
		7168C2E11E6E86F300812498 /* main.m */ = {isa = PBXFileReference; lastKnownFileType = sourcecode.c.objc; path = main.m; sourceTree = "<group>"; };
		7168C2E31E6E86F300812498 /* AppDelegate.h */ = {isa = PBXFileReference; lastKnownFileType = sourcecode.c.h; path = AppDelegate.h; sourceTree = "<group>"; };
		7168C2E41E6E86F300812498 /* AppDelegate.m */ = {isa = PBXFileReference; lastKnownFileType = sourcecode.c.objc; path = AppDelegate.m; sourceTree = "<group>"; };
		7168C2E61E6E86F300812498 /* ViewController.h */ = {isa = PBXFileReference; lastKnownFileType = sourcecode.c.h; path = ViewController.h; sourceTree = "<group>"; };
		7168C2E71E6E86F300812498 /* ViewController.m */ = {isa = PBXFileReference; lastKnownFileType = sourcecode.c.objc; path = ViewController.m; sourceTree = "<group>"; };
		7168C2EA1E6E86F300812498 /* Base */ = {isa = PBXFileReference; lastKnownFileType = file.storyboard; name = Base; path = Base.lproj/Main.storyboard; sourceTree = "<group>"; };
		7168C2EC1E6E86F300812498 /* Assets.xcassets */ = {isa = PBXFileReference; lastKnownFileType = folder.assetcatalog; path = Assets.xcassets; sourceTree = "<group>"; };
		7168C2EF1E6E86F300812498 /* Base */ = {isa = PBXFileReference; lastKnownFileType = file.storyboard; name = Base; path = Base.lproj/LaunchScreen.storyboard; sourceTree = "<group>"; };
		7168C2F11E6E86F300812498 /* Info.plist */ = {isa = PBXFileReference; lastKnownFileType = text.plist.xml; path = Info.plist; sourceTree = "<group>"; };
		7168C2F61E6E86F300812498 /* LJStarTests.xctest */ = {isa = PBXFileReference; explicitFileType = wrapper.cfbundle; includeInIndex = 0; path = LJStarTests.xctest; sourceTree = BUILT_PRODUCTS_DIR; };
		7168C2FA1E6E86F300812498 /* LJStarTests.m */ = {isa = PBXFileReference; lastKnownFileType = sourcecode.c.objc; path = LJStarTests.m; sourceTree = "<group>"; };
		7168C2FC1E6E86F300812498 /* Info.plist */ = {isa = PBXFileReference; lastKnownFileType = text.plist.xml; path = Info.plist; sourceTree = "<group>"; };
		7168C3011E6E86F300812498 /* LJStarUITests.xctest */ = {isa = PBXFileReference; explicitFileType = wrapper.cfbundle; includeInIndex = 0; path = LJStarUITests.xctest; sourceTree = BUILT_PRODUCTS_DIR; };
		7168C3051E6E86F300812498 /* LJStarUITests.m */ = {isa = PBXFileReference; lastKnownFileType = sourcecode.c.objc; path = LJStarUITests.m; sourceTree = "<group>"; };
		7168C3071E6E86F300812498 /* Info.plist */ = {isa = PBXFileReference; lastKnownFileType = text.plist.xml; path = Info.plist; sourceTree = "<group>"; };
/* End PBXFileReference section */

/* Begin PBXFrameworksBuildPhase section */
		7168C2DA1E6E86F300812498 /* Frameworks */ = {
			isa = PBXFrameworksBuildPhase;
			buildActionMask = 2147483647;
			files = (
			);
			runOnlyForDeploymentPostprocessing = 0;
		};
		7168C2F31E6E86F300812498 /* Frameworks */ = {
			isa = PBXFrameworksBuildPhase;
			buildActionMask = 2147483647;
			files = (
			);
			runOnlyForDeploymentPostprocessing = 0;
		};
		7168C2FE1E6E86F300812498 /* Frameworks */ = {
			isa = PBXFrameworksBuildPhase;
			buildActionMask = 2147483647;
			files = (
			);
			runOnlyForDeploymentPostprocessing = 0;
		};
/* End PBXFrameworksBuildPhase section */

/* Begin PBXGroup section */
		7168C2D41E6E86F300812498 = {
			isa = PBXGroup;
			children = (
				7168C2DF1E6E86F300812498 /* LJStar */,
				7168C2F91E6E86F300812498 /* LJStarTests */,
				7168C3041E6E86F300812498 /* LJStarUITests */,
				7168C2DE1E6E86F300812498 /* Products */,
			);
			sourceTree = "<group>";
		};
		7168C2DE1E6E86F300812498 /* Products */ = {
			isa = PBXGroup;
			children = (
				7168C2DD1E6E86F300812498 /* LJStar.app */,
				7168C2F61E6E86F300812498 /* LJStarTests.xctest */,
				7168C3011E6E86F300812498 /* LJStarUITests.xctest */,
			);
			name = Products;
			sourceTree = "<group>";
		};
		7168C2DF1E6E86F300812498 /* LJStar */ = {
			isa = PBXGroup;
			children = (
				7168C2E31E6E86F300812498 /* AppDelegate.h */,
				7168C2E41E6E86F300812498 /* AppDelegate.m */,
				7168C2E61E6E86F300812498 /* ViewController.h */,
				7168C2E71E6E86F300812498 /* ViewController.m */,
				7168C2E91E6E86F300812498 /* Main.storyboard */,
				7168C2EC1E6E86F300812498 /* Assets.xcassets */,
				7168C2EE1E6E86F300812498 /* LaunchScreen.storyboard */,
				7168C2F11E6E86F300812498 /* Info.plist */,
				7168C2E01E6E86F300812498 /* Supporting Files */,
			);
			path = LJStar;
			sourceTree = "<group>";
		};
		7168C2E01E6E86F300812498 /* Supporting Files */ = {
			isa = PBXGroup;
			children = (
				7168C2E11E6E86F300812498 /* main.m */,
			);
			name = "Supporting Files";
			sourceTree = "<group>";
		};
		7168C2F91E6E86F300812498 /* LJStarTests */ = {
			isa = PBXGroup;
			children = (
				7168C2FA1E6E86F300812498 /* LJStarTests.m */,
				7168C2FC1E6E86F300812498 /* Info.plist */,
			);
			path = LJStarTests;
			sourceTree = "<group>";
		};
		7168C3041E6E86F300812498 /* LJStarUITests */ = {
			isa = PBXGroup;
			children = (
				7168C3051E6E86F300812498 /* LJStarUITests.m */,
				7168C3071E6E86F300812498 /* Info.plist */,
			);
			path = LJStarUITests;
			sourceTree = "<group>";
		};
/* End PBXGroup section */

/* Begin PBXNativeTarget section */
		7168C2DC1E6E86F300812498 /* LJStar */ = {
			isa = PBXNativeTarget;
			buildConfigurationList = 7168C30A1E6E86F300812498 /* Build configuration list for PBXNativeTarget "LJStar" */;
			buildPhases = (
				7168C2D91E6E86F300812498 /* Sources */,
				7168C2DA1E6E86F300812498 /* Frameworks */,
				7168C2DB1E6E86F300812498 /* Resources */,
			);
			buildRules = (
			);
			dependencies = (
			);
			name = LJStar;
			productName = LJStar;
			productReference = 7168C2DD1E6E86F300812498 /* LJStar.app */;
			productType = "com.apple.product-type.application";
		};
		7168C2F51E6E86F300812498 /* LJStarTests */ = {
			isa = PBXNativeTarget;
			buildConfigurationList = 7168C30D1E6E86F300812498 /* Build configuration list for PBXNativeTarget "LJStarTests" */;
			buildPhases = (
				7168C2F21E6E86F300812498 /* Sources */,
				7168C2F31E6E86F300812498 /* Frameworks */,
				7168C2F41E6E86F300812498 /* Resources */,
			);
			buildRules = (
			);
			dependencies = (
				7168C2F81E6E86F300812498 /* PBXTargetDependency */,
			);
			name = LJStarTests;
			productName = LJStarTests;
			productReference = 7168C2F61E6E86F300812498 /* LJStarTests.xctest */;
			productType = "com.apple.product-type.bundle.unit-test";
		};
		7168C3001E6E86F300812498 /* LJStarUITests */ = {
			isa = PBXNativeTarget;
			buildConfigurationList = 7168C3101E6E86F300812498 /* Build configuration list for PBXNativeTarget "LJStarUITests" */;
			buildPhases = (
				7168C2FD1E6E86F300812498 /* Sources */,
				7168C2FE1E6E86F300812498 /* Frameworks */,
				7168C2FF1E6E86F300812498 /* Resources */,
			);
			buildRules = (
			);
			dependencies = (
				7168C3031E6E86F300812498 /* PBXTargetDependency */,
			);
			name = LJStarUITests;
			productName = LJStarUITests;
			productReference = 7168C3011E6E86F300812498 /* LJStarUITests.xctest */;
			productType = "com.apple.product-type.bundle.ui-testing";
		};
/* End PBXNativeTarget section */

/* Begin PBXProject section */
		7168C2D51E6E86F300812498 /* Project object */ = {
			isa = PBXProject;
			attributes = {
				LastUpgradeCheck = 0820;
				ORGANIZATIONNAME = dgzq;
				TargetAttributes = {
					7168C2DC1E6E86F300812498 = {
						CreatedOnToolsVersion = 8.2.1;
						ProvisioningStyle = Automatic;
					};
					7168C2F51E6E86F300812498 = {
						CreatedOnToolsVersion = 8.2.1;
						ProvisioningStyle = Automatic;
						TestTargetID = 7168C2DC1E6E86F300812498;
					};
					7168C3001E6E86F300812498 = {
						CreatedOnToolsVersion = 8.2.1;
						ProvisioningStyle = Automatic;
						TestTargetID = 7168C2DC1E6E86F300812498;
					};
				};
			};
			buildConfigurationList = 7168C2D81E6E86F300812498 /* Build configuration list for PBXProject "LJStar" */;
			compatibilityVersion = "Xcode 3.2";
			developmentRegion = English;
			hasScannedForEncodings = 0;
			knownRegions = (
				en,
				Base,
			);
			mainGroup = 7168C2D41E6E86F300812498;
			productRefGroup = 7168C2DE1E6E86F300812498 /* Products */;
			projectDirPath = "";
			projectRoot = "";
			targets = (
				7168C2DC1E6E86F300812498 /* LJStar */,
				7168C2F51E6E86F300812498 /* LJStarTests */,
				7168C3001E6E86F300812498 /* LJStarUITests */,
			);
		};
/* End PBXProject section */

/* Begin PBXResourcesBuildPhase section */
		7168C2DB1E6E86F300812498 /* Resources */ = {
			isa = PBXResourcesBuildPhase;
			buildActionMask = 2147483647;
			files = (
				7168C2F01E6E86F300812498 /* LaunchScreen.storyboard in Resources */,
				7168C2ED1E6E86F300812498 /* Assets.xcassets in Resources */,
				7168C2EB1E6E86F300812498 /* Main.storyboard in Resources */,
			);
			runOnlyForDeploymentPostprocessing = 0;
		};
		7168C2F41E6E86F300812498 /* Resources */ = {
			isa = PBXResourcesBuildPhase;
			buildActionMask = 2147483647;
			files = (
			);
			runOnlyForDeploymentPostprocessing = 0;
		};
		7168C2FF1E6E86F300812498 /* Resources */ = {
			isa = PBXResourcesBuildPhase;
			buildActionMask = 2147483647;
			files = (
			);
			runOnlyForDeploymentPostprocessing = 0;
		};
/* End PBXResourcesBuildPhase section */

/* Begin PBXSourcesBuildPhase section */
		7168C2D91E6E86F300812498 /* Sources */ = {
			isa = PBXSourcesBuildPhase;
			buildActionMask = 2147483647;
			files = (
				7168C2E81E6E86F300812498 /* ViewController.m in Sources */,
				7168C2E51E6E86F300812498 /* AppDelegate.m in Sources */,
				7168C2E21E6E86F300812498 /* main.m in Sources */,
			);
			runOnlyForDeploymentPostprocessing = 0;
		};
		7168C2F21E6E86F300812498 /* Sources */ = {
			isa = PBXSourcesBuildPhase;
			buildActionMask = 2147483647;
			files = (
				7168C2FB1E6E86F300812498 /* LJStarTests.m in Sources */,
			);
			runOnlyForDeploymentPostprocessing = 0;
		};
		7168C2FD1E6E86F300812498 /* Sources */ = {
			isa = PBXSourcesBuildPhase;
			buildActionMask = 2147483647;
			files = (
				7168C3061E6E86F300812498 /* LJStarUITests.m in Sources */,
			);
			runOnlyForDeploymentPostprocessing = 0;
		};
/* End PBXSourcesBuildPhase section */

/* Begin PBXTargetDependency section */
		7168C2F81E6E86F300812498 /* PBXTargetDependency */ = {
			isa = PBXTargetDependency;
			target = 7168C2DC1E6E86F300812498 /* LJStar */;
			targetProxy = 7168C2F71E6E86F300812498 /* PBXContainerItemProxy */;
		};
		7168C3031E6E86F300812498 /* PBXTargetDependency */ = {
			isa = PBXTargetDependency;
			target = 7168C2DC1E6E86F300812498 /* LJStar */;
			targetProxy = 7168C3021E6E86F300812498 /* PBXContainerItemProxy */;
		};
/* End PBXTargetDependency section */

/* Begin PBXVariantGroup section */
		7168C2E91E6E86F300812498 /* Main.storyboard */ = {
			isa = PBXVariantGroup;
			children = (
				7168C2EA1E6E86F300812498 /* Base */,
			);
			name = Main.storyboard;
			sourceTree = "<group>";
		};
		7168C2EE1E6E86F300812498 /* LaunchScreen.storyboard */ = {
			isa = PBXVariantGroup;
			children = (
				7168C2EF1E6E86F300812498 /* Base */,
			);
			name = LaunchScreen.storyboard;
			sourceTree = "<group>";
		};
/* End PBXVariantGroup section */

/* Begin XCBuildConfiguration section */
		7168C3081E6E86F300812498 /* Debug */ = {
			isa = XCBuildConfiguration;
			buildSettings = {
				ALWAYS_SEARCH_USER_PATHS = NO;
				CLANG_ANALYZER_NONNULL = YES;
				CLANG_CXX_LANGUAGE_STANDARD = "gnu++0x";
				CLANG_CXX_LIBRARY = "libc++";
				CLANG_ENABLE_MODULES = YES;
				CLANG_ENABLE_OBJC_ARC = YES;
				CLANG_WARN_BOOL_CONVERSION = YES;
				CLANG_WARN_CONSTANT_CONVERSION = YES;
				CLANG_WARN_DIRECT_OBJC_ISA_USAGE = YES_ERROR;
				CLANG_WARN_DOCUMENTATION_COMMENTS = YES;
				CLANG_WARN_EMPTY_BODY = YES;
				CLANG_WARN_ENUM_CONVERSION = YES;
				CLANG_WARN_INFINITE_RECURSION = YES;
				CLANG_WARN_INT_CONVERSION = YES;
				CLANG_WARN_OBJC_ROOT_CLASS = YES_ERROR;
				CLANG_WARN_SUSPICIOUS_MOVE = YES;
				CLANG_WARN_UNREACHABLE_CODE = YES;
				CLANG_WARN__DUPLICATE_METHOD_MATCH = YES;
				"CODE_SIGN_IDENTITY[sdk=iphoneos*]" = "iPhone Developer";
				COPY_PHASE_STRIP = NO;
				DEBUG_INFORMATION_FORMAT = dwarf;
				ENABLE_STRICT_OBJC_MSGSEND = YES;
				ENABLE_TESTABILITY = YES;
				GCC_C_LANGUAGE_STANDARD = gnu99;
				GCC_DYNAMIC_NO_PIC = NO;
				GCC_NO_COMMON_BLOCKS = YES;
				GCC_OPTIMIZATION_LEVEL = 0;
				GCC_PREPROCESSOR_DEFINITIONS = (
					"DEBUG=1",
					"$(inherited)",
				);
				GCC_WARN_64_TO_32_BIT_CONVERSION = YES;
				GCC_WARN_ABOUT_RETURN_TYPE = YES_ERROR;
				GCC_WARN_UNDECLARED_SELECTOR = YES;
				GCC_WARN_UNINITIALIZED_AUTOS = YES_AGGRESSIVE;
				GCC_WARN_UNUSED_FUNCTION = YES;
				GCC_WARN_UNUSED_VARIABLE = YES;
				IPHONEOS_DEPLOYMENT_TARGET = 10.2;
				MTL_ENABLE_DEBUG_INFO = YES;
				ONLY_ACTIVE_ARCH = YES;
				SDKROOT = iphoneos;
			};
			name = Debug;
		};
		7168C3091E6E86F300812498 /* Release */ = {
			isa = XCBuildConfiguration;
			buildSettings = {
				ALWAYS_SEARCH_USER_PATHS = NO;
				CLANG_ANALYZER_NONNULL = YES;
				CLANG_CXX_LANGUAGE_STANDARD = "gnu++0x";
				CLANG_CXX_LIBRARY = "libc++";
				CLANG_ENABLE_MODULES = YES;
				CLANG_ENABLE_OBJC_ARC = YES;
				CLANG_WARN_BOOL_CONVERSION = YES;
				CLANG_WARN_CONSTANT_CONVERSION = YES;
				CLANG_WARN_DIRECT_OBJC_ISA_USAGE = YES_ERROR;
				CLANG_WARN_DOCUMENTATION_COMMENTS = YES;
				CLANG_WARN_EMPTY_BODY = YES;
				CLANG_WARN_ENUM_CONVERSION = YES;
				CLANG_WARN_INFINITE_RECURSION = YES;
				CLANG_WARN_INT_CONVERSION = YES;
				CLANG_WARN_OBJC_ROOT_CLASS = YES_ERROR;
				CLANG_WARN_SUSPICIOUS_MOVE = YES;
				CLANG_WARN_UNREACHABLE_CODE = YES;
				CLANG_WARN__DUPLICATE_METHOD_MATCH = YES;
				"CODE_SIGN_IDENTITY[sdk=iphoneos*]" = "iPhone Developer";
				COPY_PHASE_STRIP = NO;
				DEBUG_INFORMATION_FORMAT = "dwarf-with-dsym";
				ENABLE_NS_ASSERTIONS = NO;
				ENABLE_STRICT_OBJC_MSGSEND = YES;
				GCC_C_LANGUAGE_STANDARD = gnu99;
				GCC_NO_COMMON_BLOCKS = YES;
				GCC_WARN_64_TO_32_BIT_CONVERSION = YES;
				GCC_WARN_ABOUT_RETURN_TYPE = YES_ERROR;
				GCC_WARN_UNDECLARED_SELECTOR = YES;
				GCC_WARN_UNINITIALIZED_AUTOS = YES_AGGRESSIVE;
				GCC_WARN_UNUSED_FUNCTION = YES;
				GCC_WARN_UNUSED_VARIABLE = YES;
				IPHONEOS_DEPLOYMENT_TARGET = 10.2;
				MTL_ENABLE_DEBUG_INFO = NO;
				SDKROOT = iphoneos;
				VALIDATE_PRODUCT = YES;
			};
			name = Release;
		};
		7168C30B1E6E86F300812498 /* Debug */ = {
			isa = XCBuildConfiguration;
			buildSettings = {
				ASSETCATALOG_COMPILER_APPICON_NAME = AppIcon;
				INFOPLIST_FILE = LJStar/Info.plist;
				LD_RUNPATH_SEARCH_PATHS = "$(inherited) @executable_path/Frameworks";
				PRODUCT_BUNDLE_IDENTIFIER = helloword.LJStar;
				PRODUCT_NAME = "$(TARGET_NAME)";
			};
			name = Debug;
		};
		7168C30C1E6E86F300812498 /* Release */ = {
			isa = XCBuildConfiguration;
			buildSettings = {
				ASSETCATALOG_COMPILER_APPICON_NAME = AppIcon;
				INFOPLIST_FILE = LJStar/Info.plist;
				LD_RUNPATH_SEARCH_PATHS = "$(inherited) @executable_path/Frameworks";
				PRODUCT_BUNDLE_IDENTIFIER = helloword.LJStar;
				PRODUCT_NAME = "$(TARGET_NAME)";
			};
			name = Release;
		};
		7168C30E1E6E86F300812498 /* Debug */ = {
			isa = XCBuildConfiguration;
			buildSettings = {
				BUNDLE_LOADER = "$(TEST_HOST)";
				INFOPLIST_FILE = LJStarTests/Info.plist;
				LD_RUNPATH_SEARCH_PATHS = "$(inherited) @executable_path/Frameworks @loader_path/Frameworks";
				PRODUCT_BUNDLE_IDENTIFIER = helloword.LJStarTests;
				PRODUCT_NAME = "$(TARGET_NAME)";
				TEST_HOST = "$(BUILT_PRODUCTS_DIR)/LJStar.app/LJStar";
			};
			name = Debug;
		};
		7168C30F1E6E86F300812498 /* Release */ = {
			isa = XCBuildConfiguration;
			buildSettings = {
				BUNDLE_LOADER = "$(TEST_HOST)";
				INFOPLIST_FILE = LJStarTests/Info.plist;
				LD_RUNPATH_SEARCH_PATHS = "$(inherited) @executable_path/Frameworks @loader_path/Frameworks";
				PRODUCT_BUNDLE_IDENTIFIER = helloword.LJStarTests;
				PRODUCT_NAME = "$(TARGET_NAME)";
				TEST_HOST = "$(BUILT_PRODUCTS_DIR)/LJStar.app/LJStar";
			};
			name = Release;
		};
		7168C3111E6E86F300812498 /* Debug */ = {
			isa = XCBuildConfiguration;
			buildSettings = {
				INFOPLIST_FILE = LJStarUITests/Info.plist;
				LD_RUNPATH_SEARCH_PATHS = "$(inherited) @executable_path/Frameworks @loader_path/Frameworks";
				PRODUCT_BUNDLE_IDENTIFIER = helloword.LJStarUITests;
				PRODUCT_NAME = "$(TARGET_NAME)";
				TEST_TARGET_NAME = LJStar;
			};
			name = Debug;
		};
		7168C3121E6E86F300812498 /* Release */ = {
			isa = XCBuildConfiguration;
			buildSettings = {
				INFOPLIST_FILE = LJStarUITests/Info.plist;
				LD_RUNPATH_SEARCH_PATHS = "$(inherited) @executable_path/Frameworks @loader_path/Frameworks";
				PRODUCT_BUNDLE_IDENTIFIER = helloword.LJStarUITests;
				PRODUCT_NAME = "$(TARGET_NAME)";
				TEST_TARGET_NAME = LJStar;
			};
			name = Release;
		};
/* End XCBuildConfiguration section */

/* Begin XCConfigurationList section */
		7168C2D81E6E86F300812498 /* Build configuration list for PBXProject "LJStar" */ = {
			isa = XCConfigurationList;
			buildConfigurations = (
				7168C3081E6E86F300812498 /* Debug */,
				7168C3091E6E86F300812498 /* Release */,
			);
			defaultConfigurationIsVisible = 0;
			defaultConfigurationName = Release;
		};
		7168C30A1E6E86F300812498 /* Build configuration list for PBXNativeTarget "LJStar" */ = {
			isa = XCConfigurationList;
			buildConfigurations = (
				7168C30B1E6E86F300812498 /* Debug */,
				7168C30C1E6E86F300812498 /* Release */,
			);
			defaultConfigurationIsVisible = 0;
		};
		7168C30D1E6E86F300812498 /* Build configuration list for PBXNativeTarget "LJStarTests" */ = {
			isa = XCConfigurationList;
			buildConfigurations = (
				7168C30E1E6E86F300812498 /* Debug */,
				7168C30F1E6E86F300812498 /* Release */,
			);
			defaultConfigurationIsVisible = 0;
		};
		7168C3101E6E86F300812498 /* Build configuration list for PBXNativeTarget "LJStarUITests" */ = {
			isa = XCConfigurationList;
			buildConfigurations = (
				7168C3111E6E86F300812498 /* Debug */,
				7168C3121E6E86F300812498 /* Release */,
			);
			defaultConfigurationIsVisible = 0;
		};
/* End XCConfigurationList section */
	};
	rootObject = 7168C2D51E6E86F300812498 /* Project object */;
}
